// !$*UTF8*$!
{
	archiveVersion = 1;
	classes = {
	};
	objectVersion = 51;
	objects = {

/* Begin PBXBuildFile section */
		510C0FAE25A4102400F13866 /* GroupCollectionViewCell.swift in Sources */ = {isa = PBXBuildFile; fileRef = 510C0FAD25A4102400F13866 /* GroupCollectionViewCell.swift */; };
		510C0FB125A4149A00F13866 /* Karla-Regular.ttf in Resources */ = {isa = PBXBuildFile; fileRef = 510C0FB025A4149A00F13866 /* Karla-Regular.ttf */; };
		510C0FC025A422A100F13866 /* GroupsReusableHeaderView.swift in Sources */ = {isa = PBXBuildFile; fileRef = 510C0FBF25A422A100F13866 /* GroupsReusableHeaderView.swift */; };
		510C0FC325A4262D00F13866 /* UICollectionViewFlowLayout+StretchyHeader.swift in Sources */ = {isa = PBXBuildFile; fileRef = 510C0FC225A4262D00F13866 /* UICollectionViewFlowLayout+StretchyHeader.swift */; };
		510C0FD125A4430500F13866 /* Friend+CoreDataClass.swift in Sources */ = {isa = PBXBuildFile; fileRef = 510C0FCD25A4430500F13866 /* Friend+CoreDataClass.swift */; };
		510C0FD225A4430500F13866 /* Friend+CoreDataProperties.swift in Sources */ = {isa = PBXBuildFile; fileRef = 510C0FCE25A4430500F13866 /* Friend+CoreDataProperties.swift */; };
		510C0FD325A4430500F13866 /* Group+CoreDataClass.swift in Sources */ = {isa = PBXBuildFile; fileRef = 510C0FCF25A4430500F13866 /* Group+CoreDataClass.swift */; };
		510C0FD425A4430500F13866 /* Group+CoreDataProperties.swift in Sources */ = {isa = PBXBuildFile; fileRef = 510C0FD025A4430500F13866 /* Group+CoreDataProperties.swift */; };
		51808C3E259AF4EC00D4B015 /* OTPViewController.swift in Sources */ = {isa = PBXBuildFile; fileRef = 51808C3D259AF4EC00D4B015 /* OTPViewController.swift */; };
		51808C5E259AF7FB00D4B015 /* GroupsViewController.swift in Sources */ = {isa = PBXBuildFile; fileRef = 51808C5D259AF7FB00D4B015 /* GroupsViewController.swift */; };
		51AF3AA725986C70000FC848 /* AppDelegate.swift in Sources */ = {isa = PBXBuildFile; fileRef = 51AF3AA625986C70000FC848 /* AppDelegate.swift */; };
		51AF3AA925986C70000FC848 /* SceneDelegate.swift in Sources */ = {isa = PBXBuildFile; fileRef = 51AF3AA825986C70000FC848 /* SceneDelegate.swift */; };
		51AF3AB125986C71000FC848 /* Omakase.xcdatamodeld in Sources */ = {isa = PBXBuildFile; fileRef = 51AF3AAF25986C71000FC848 /* Omakase.xcdatamodeld */; };
		51AF3AB325986C74000FC848 /* Assets.xcassets in Resources */ = {isa = PBXBuildFile; fileRef = 51AF3AB225986C74000FC848 /* Assets.xcassets */; };
		51AF3AB625986C74000FC848 /* LaunchScreen.storyboard in Resources */ = {isa = PBXBuildFile; fileRef = 51AF3AB425986C74000FC848 /* LaunchScreen.storyboard */; };
		51C1D4B425998321009D673F /* CGFloat+Extensions.swift in Sources */ = {isa = PBXBuildFile; fileRef = 51C1D4B325998321009D673F /* CGFloat+Extensions.swift */; };
		51C1D4B8259983A7009D673F /* Constants.swift in Sources */ = {isa = PBXBuildFile; fileRef = 51C1D4B7259983A7009D673F /* Constants.swift */; };
		51C1D4BB2599851F009D673F /* Int+Extensions.swift in Sources */ = {isa = PBXBuildFile; fileRef = 51C1D4BA2599851F009D673F /* Int+Extensions.swift */; };
		51C1D4C425998607009D673F /* LoginViewController.swift in Sources */ = {isa = PBXBuildFile; fileRef = 51C1D4C325998607009D673F /* LoginViewController.swift */; };
		51C1D4D625998884009D673F /* UIColor+Extensions.swift in Sources */ = {isa = PBXBuildFile; fileRef = 51C1D4D525998884009D673F /* UIColor+Extensions.swift */; };
		51C1D4DA25998B91009D673F /* Karla-Bold.ttf in Resources */ = {isa = PBXBuildFile; fileRef = 51C1D4D925998B91009D673F /* Karla-Bold.ttf */; };
		51C1D4DD25998B9B009D673F /* BubblegumSans-Regular.ttf in Resources */ = {isa = PBXBuildFile; fileRef = 51C1D4DC25998B9B009D673F /* BubblegumSans-Regular.ttf */; };
		51C1D4E025998C2E009D673F /* UIFont+Extensions.swift in Sources */ = {isa = PBXBuildFile; fileRef = 51C1D4DF25998C2E009D673F /* UIFont+Extensions.swift */; };
		51D2509125999A1B00DFF18B /* LoginTextField.swift in Sources */ = {isa = PBXBuildFile; fileRef = 51D2509025999A1B00DFF18B /* LoginTextField.swift */; };
		51D2509B2599A4C200DFF18B /* RectangleButton.swift in Sources */ = {isa = PBXBuildFile; fileRef = 51D2509A2599A4C200DFF18B /* RectangleButton.swift */; };
		F0DFDF850D5EBC14BD54CA51 /* Pods_Omakase.framework in Frameworks */ = {isa = PBXBuildFile; fileRef = 018C8F92F35EA56F6F733A38 /* Pods_Omakase.framework */; };
/* End PBXBuildFile section */

/* Begin PBXFileReference section */
		018C8F92F35EA56F6F733A38 /* Pods_Omakase.framework */ = {isa = PBXFileReference; explicitFileType = wrapper.framework; includeInIndex = 0; path = Pods_Omakase.framework; sourceTree = BUILT_PRODUCTS_DIR; };
		1B6FF0D626752F4CC6961E0D /* Pods-Omakase.debug.xcconfig */ = {isa = PBXFileReference; includeInIndex = 1; lastKnownFileType = text.xcconfig; name = "Pods-Omakase.debug.xcconfig"; path = "Target Support Files/Pods-Omakase/Pods-Omakase.debug.xcconfig"; sourceTree = "<group>"; };
		510C0FAD25A4102400F13866 /* GroupCollectionViewCell.swift */ = {isa = PBXFileReference; lastKnownFileType = sourcecode.swift; path = GroupCollectionViewCell.swift; sourceTree = "<group>"; };
		510C0FB025A4149A00F13866 /* Karla-Regular.ttf */ = {isa = PBXFileReference; lastKnownFileType = file; path = "Karla-Regular.ttf"; sourceTree = "<group>"; };
		510C0FBF25A422A100F13866 /* GroupsReusableHeaderView.swift */ = {isa = PBXFileReference; lastKnownFileType = sourcecode.swift; path = GroupsReusableHeaderView.swift; sourceTree = "<group>"; };
		510C0FC225A4262D00F13866 /* UICollectionViewFlowLayout+StretchyHeader.swift */ = {isa = PBXFileReference; lastKnownFileType = sourcecode.swift; path = "UICollectionViewFlowLayout+StretchyHeader.swift"; sourceTree = "<group>"; };
		510C0FCD25A4430500F13866 /* Friend+CoreDataClass.swift */ = {isa = PBXFileReference; lastKnownFileType = sourcecode.swift; path = "Friend+CoreDataClass.swift"; sourceTree = SOURCE_ROOT; };
		510C0FCE25A4430500F13866 /* Friend+CoreDataProperties.swift */ = {isa = PBXFileReference; lastKnownFileType = sourcecode.swift; path = "Friend+CoreDataProperties.swift"; sourceTree = SOURCE_ROOT; };
		510C0FCF25A4430500F13866 /* Group+CoreDataClass.swift */ = {isa = PBXFileReference; lastKnownFileType = sourcecode.swift; path = "Group+CoreDataClass.swift"; sourceTree = SOURCE_ROOT; };
		510C0FD025A4430500F13866 /* Group+CoreDataProperties.swift */ = {isa = PBXFileReference; lastKnownFileType = sourcecode.swift; path = "Group+CoreDataProperties.swift"; sourceTree = SOURCE_ROOT; };
		51808C3D259AF4EC00D4B015 /* OTPViewController.swift */ = {isa = PBXFileReference; lastKnownFileType = sourcecode.swift; path = OTPViewController.swift; sourceTree = "<group>"; };
		51808C5D259AF7FB00D4B015 /* GroupsViewController.swift */ = {isa = PBXFileReference; lastKnownFileType = sourcecode.swift; path = GroupsViewController.swift; sourceTree = "<group>"; };
		51AF3AA325986C70000FC848 /* Omakase.app */ = {isa = PBXFileReference; explicitFileType = wrapper.application; includeInIndex = 0; path = Omakase.app; sourceTree = BUILT_PRODUCTS_DIR; };
		51AF3AA625986C70000FC848 /* AppDelegate.swift */ = {isa = PBXFileReference; lastKnownFileType = sourcecode.swift; path = AppDelegate.swift; sourceTree = "<group>"; };
		51AF3AA825986C70000FC848 /* SceneDelegate.swift */ = {isa = PBXFileReference; lastKnownFileType = sourcecode.swift; path = SceneDelegate.swift; sourceTree = "<group>"; };
		51AF3AB025986C71000FC848 /* Omakase.xcdatamodel */ = {isa = PBXFileReference; lastKnownFileType = wrapper.xcdatamodel; path = Omakase.xcdatamodel; sourceTree = "<group>"; };
		51AF3AB225986C74000FC848 /* Assets.xcassets */ = {isa = PBXFileReference; lastKnownFileType = folder.assetcatalog; path = Assets.xcassets; sourceTree = "<group>"; };
		51AF3AB525986C74000FC848 /* Base */ = {isa = PBXFileReference; lastKnownFileType = file.storyboard; name = Base; path = Base.lproj/LaunchScreen.storyboard; sourceTree = "<group>"; };
		51AF3AB725986C74000FC848 /* Info.plist */ = {isa = PBXFileReference; lastKnownFileType = text.plist.xml; path = Info.plist; sourceTree = "<group>"; };
		51C1D4B325998321009D673F /* CGFloat+Extensions.swift */ = {isa = PBXFileReference; lastKnownFileType = sourcecode.swift; path = "CGFloat+Extensions.swift"; sourceTree = "<group>"; };
		51C1D4B7259983A7009D673F /* Constants.swift */ = {isa = PBXFileReference; lastKnownFileType = sourcecode.swift; path = Constants.swift; sourceTree = "<group>"; };
		51C1D4BA2599851F009D673F /* Int+Extensions.swift */ = {isa = PBXFileReference; lastKnownFileType = sourcecode.swift; path = "Int+Extensions.swift"; sourceTree = "<group>"; };
		51C1D4C325998607009D673F /* LoginViewController.swift */ = {isa = PBXFileReference; lastKnownFileType = sourcecode.swift; path = LoginViewController.swift; sourceTree = "<group>"; };
		51C1D4D525998884009D673F /* UIColor+Extensions.swift */ = {isa = PBXFileReference; lastKnownFileType = sourcecode.swift; path = "UIColor+Extensions.swift"; sourceTree = "<group>"; };
		51C1D4D925998B91009D673F /* Karla-Bold.ttf */ = {isa = PBXFileReference; lastKnownFileType = file; path = "Karla-Bold.ttf"; sourceTree = "<group>"; };
		51C1D4DC25998B9B009D673F /* BubblegumSans-Regular.ttf */ = {isa = PBXFileReference; lastKnownFileType = file; path = "BubblegumSans-Regular.ttf"; sourceTree = "<group>"; };
		51C1D4DF25998C2E009D673F /* UIFont+Extensions.swift */ = {isa = PBXFileReference; lastKnownFileType = sourcecode.swift; path = "UIFont+Extensions.swift"; sourceTree = "<group>"; };
		51D2509025999A1B00DFF18B /* LoginTextField.swift */ = {isa = PBXFileReference; lastKnownFileType = sourcecode.swift; path = LoginTextField.swift; sourceTree = "<group>"; };
		51D2509A2599A4C200DFF18B /* RectangleButton.swift */ = {isa = PBXFileReference; lastKnownFileType = sourcecode.swift; path = RectangleButton.swift; sourceTree = "<group>"; };
		EFAD970204709104EE61F2E2 /* Pods-Omakase.release.xcconfig */ = {isa = PBXFileReference; includeInIndex = 1; lastKnownFileType = text.xcconfig; name = "Pods-Omakase.release.xcconfig"; path = "Target Support Files/Pods-Omakase/Pods-Omakase.release.xcconfig"; sourceTree = "<group>"; };
/* End PBXFileReference section */

/* Begin PBXFrameworksBuildPhase section */
		51AF3AA025986C70000FC848 /* Frameworks */ = {
			isa = PBXFrameworksBuildPhase;
			buildActionMask = 2147483647;
			files = (
				F0DFDF850D5EBC14BD54CA51 /* Pods_Omakase.framework in Frameworks */,
			);
			runOnlyForDeploymentPostprocessing = 0;
		};
/* End PBXFrameworksBuildPhase section */

/* Begin PBXGroup section */
		2A2F6424F90FFF618BDDEBE1 /* Pods */ = {
			isa = PBXGroup;
			children = (
				1B6FF0D626752F4CC6961E0D /* Pods-Omakase.debug.xcconfig */,
				EFAD970204709104EE61F2E2 /* Pods-Omakase.release.xcconfig */,
			);
			path = Pods;
			sourceTree = "<group>";
		};
		510C0FAC25A40FF500F13866 /* Cells */ = {
			isa = PBXGroup;
			children = (
				510C0FAD25A4102400F13866 /* GroupCollectionViewCell.swift */,
			);
			path = Cells;
			sourceTree = "<group>";
		};
		51808C04259AEF4300D4B015 /* Models */ = {
			isa = PBXGroup;
			children = (
				510C0FCD25A4430500F13866 /* Friend+CoreDataClass.swift */,
				510C0FCE25A4430500F13866 /* Friend+CoreDataProperties.swift */,
				510C0FCF25A4430500F13866 /* Group+CoreDataClass.swift */,
				510C0FD025A4430500F13866 /* Group+CoreDataProperties.swift */,
			);
			path = Models;
			sourceTree = "<group>";
		};
		51AF3A9A25986C70000FC848 = {
			isa = PBXGroup;
			children = (
				51AF3AA525986C70000FC848 /* Omakase */,
				51AF3AA425986C70000FC848 /* Products */,
				2A2F6424F90FFF618BDDEBE1 /* Pods */,
				C9C0091C86E3AE28F0045E2D /* Frameworks */,
			);
			sourceTree = "<group>";
		};
		51AF3AA425986C70000FC848 /* Products */ = {
			isa = PBXGroup;
			children = (
				51AF3AA325986C70000FC848 /* Omakase.app */,
			);
			name = Products;
			sourceTree = "<group>";
		};
		51AF3AA525986C70000FC848 /* Omakase */ = {
			isa = PBXGroup;
			children = (
				51AF3AA625986C70000FC848 /* AppDelegate.swift */,
				51AF3AA825986C70000FC848 /* SceneDelegate.swift */,
				510C0FAC25A40FF500F13866 /* Cells */,
				51C1D4CE2599869F009D673F /* Controllers */,
				51C1D4D825998AFC009D673F /* Fonts */,
				51808C04259AEF4300D4B015 /* Models */,
				51C1D4B2259982FC009D673F /* Utilities */,
				51D2508F259999B600DFF18B /* Views */,
				51AF3AB225986C74000FC848 /* Assets.xcassets */,
				51AF3AB425986C74000FC848 /* LaunchScreen.storyboard */,
				51AF3AB725986C74000FC848 /* Info.plist */,
				51AF3AAF25986C71000FC848 /* Omakase.xcdatamodeld */,
			);
			path = Omakase;
			sourceTree = "<group>";
		};
		51C1D4B2259982FC009D673F /* Utilities */ = {
			isa = PBXGroup;
			children = (
				51C1D4B7259983A7009D673F /* Constants.swift */,
				51C1D4B325998321009D673F /* CGFloat+Extensions.swift */,
				51C1D4BA2599851F009D673F /* Int+Extensions.swift */,
				51C1D4D525998884009D673F /* UIColor+Extensions.swift */,
				51C1D4DF25998C2E009D673F /* UIFont+Extensions.swift */,
				510C0FC225A4262D00F13866 /* UICollectionViewFlowLayout+StretchyHeader.swift */,
			);
			path = Utilities;
			sourceTree = "<group>";
		};
		51C1D4CE2599869F009D673F /* Controllers */ = {
			isa = PBXGroup;
			children = (
				51C1D4C325998607009D673F /* LoginViewController.swift */,
				51808C3D259AF4EC00D4B015 /* OTPViewController.swift */,
				51808C5D259AF7FB00D4B015 /* GroupsViewController.swift */,
			);
			path = Controllers;
			sourceTree = "<group>";
		};
		51C1D4D825998AFC009D673F /* Fonts */ = {
			isa = PBXGroup;
			children = (
				51C1D4DC25998B9B009D673F /* BubblegumSans-Regular.ttf */,
				51C1D4D925998B91009D673F /* Karla-Bold.ttf */,
				510C0FB025A4149A00F13866 /* Karla-Regular.ttf */,
			);
			path = Fonts;
			sourceTree = "<group>";
		};
		51D2508F259999B600DFF18B /* Views */ = {
			isa = PBXGroup;
			children = (
				51D2509025999A1B00DFF18B /* LoginTextField.swift */,
				51D2509A2599A4C200DFF18B /* RectangleButton.swift */,
				510C0FBF25A422A100F13866 /* GroupsReusableHeaderView.swift */,
			);
			path = Views;
			sourceTree = "<group>";
		};
		C9C0091C86E3AE28F0045E2D /* Frameworks */ = {
			isa = PBXGroup;
			children = (
				018C8F92F35EA56F6F733A38 /* Pods_Omakase.framework */,
			);
			name = Frameworks;
			sourceTree = "<group>";
		};
/* End PBXGroup section */

/* Begin PBXNativeTarget section */
		51AF3AA225986C70000FC848 /* Omakase */ = {
			isa = PBXNativeTarget;
			buildConfigurationList = 51AF3ABA25986C74000FC848 /* Build configuration list for PBXNativeTarget "Omakase" */;
			buildPhases = (
				CFB9713925C5859347BCAAF7 /* [CP] Check Pods Manifest.lock */,
				51AF3A9F25986C70000FC848 /* Sources */,
				51AF3AA025986C70000FC848 /* Frameworks */,
				51AF3AA125986C70000FC848 /* Resources */,
				BCDCB750AD55E4F985A3BB79 /* [CP] Embed Pods Frameworks */,
			);
			buildRules = (
			);
			dependencies = (
			);
			name = Omakase;
			productName = Omakase;
			productReference = 51AF3AA325986C70000FC848 /* Omakase.app */;
			productType = "com.apple.product-type.application";
		};
/* End PBXNativeTarget section */

/* Begin PBXProject section */
		51AF3A9B25986C70000FC848 /* Project object */ = {
			isa = PBXProject;
			attributes = {
				LastSwiftUpdateCheck = 1230;
				LastUpgradeCheck = 1230;
				TargetAttributes = {
					51AF3AA225986C70000FC848 = {
						CreatedOnToolsVersion = 12.3;
					};
				};
			};
			buildConfigurationList = 51AF3A9E25986C70000FC848 /* Build configuration list for PBXProject "Omakase" */;
			compatibilityVersion = "Xcode 9.3";
			developmentRegion = en;
			hasScannedForEncodings = 0;
			knownRegions = (
				en,
				Base,
			);
			mainGroup = 51AF3A9A25986C70000FC848;
			productRefGroup = 51AF3AA425986C70000FC848 /* Products */;
			projectDirPath = "";
			projectRoot = "";
			targets = (
				51AF3AA225986C70000FC848 /* Omakase */,
			);
		};
/* End PBXProject section */

/* Begin PBXResourcesBuildPhase section */
		51AF3AA125986C70000FC848 /* Resources */ = {
			isa = PBXResourcesBuildPhase;
			buildActionMask = 2147483647;
			files = (
				51C1D4DA25998B91009D673F /* Karla-Bold.ttf in Resources */,
				51AF3AB625986C74000FC848 /* LaunchScreen.storyboard in Resources */,
				510C0FB125A4149A00F13866 /* Karla-Regular.ttf in Resources */,
				51C1D4DD25998B9B009D673F /* BubblegumSans-Regular.ttf in Resources */,
				51AF3AB325986C74000FC848 /* Assets.xcassets in Resources */,
			);
			runOnlyForDeploymentPostprocessing = 0;
		};
/* End PBXResourcesBuildPhase section */

/* Begin PBXShellScriptBuildPhase section */
		BCDCB750AD55E4F985A3BB79 /* [CP] Embed Pods Frameworks */ = {
			isa = PBXShellScriptBuildPhase;
			buildActionMask = 2147483647;
			files = (
			);
			inputFileListPaths = (
				"${PODS_ROOT}/Target Support Files/Pods-Omakase/Pods-Omakase-frameworks-${CONFIGURATION}-input-files.xcfilelist",
			);
			name = "[CP] Embed Pods Frameworks";
			outputFileListPaths = (
				"${PODS_ROOT}/Target Support Files/Pods-Omakase/Pods-Omakase-frameworks-${CONFIGURATION}-output-files.xcfilelist",
			);
			runOnlyForDeploymentPostprocessing = 0;
			shellPath = /bin/sh;
			shellScript = "\"${PODS_ROOT}/Target Support Files/Pods-Omakase/Pods-Omakase-frameworks.sh\"\n";
			showEnvVarsInLog = 0;
		};
		CFB9713925C5859347BCAAF7 /* [CP] Check Pods Manifest.lock */ = {
			isa = PBXShellScriptBuildPhase;
			buildActionMask = 2147483647;
			files = (
			);
			inputFileListPaths = (
			);
			inputPaths = (
				"${PODS_PODFILE_DIR_PATH}/Podfile.lock",
				"${PODS_ROOT}/Manifest.lock",
			);
			name = "[CP] Check Pods Manifest.lock";
			outputFileListPaths = (
			);
			outputPaths = (
				"$(DERIVED_FILE_DIR)/Pods-Omakase-checkManifestLockResult.txt",
			);
			runOnlyForDeploymentPostprocessing = 0;
			shellPath = /bin/sh;
			shellScript = "diff \"${PODS_PODFILE_DIR_PATH}/Podfile.lock\" \"${PODS_ROOT}/Manifest.lock\" > /dev/null\nif [ $? != 0 ] ; then\n    # print error to STDERR\n    echo \"error: The sandbox is not in sync with the Podfile.lock. Run 'pod install' or update your CocoaPods installation.\" >&2\n    exit 1\nfi\n# This output is used by Xcode 'outputs' to avoid re-running this script phase.\necho \"SUCCESS\" > \"${SCRIPT_OUTPUT_FILE_0}\"\n";
			showEnvVarsInLog = 0;
		};
/* End PBXShellScriptBuildPhase section */

/* Begin PBXSourcesBuildPhase section */
		51AF3A9F25986C70000FC848 /* Sources */ = {
			isa = PBXSourcesBuildPhase;
			buildActionMask = 2147483647;
			files = (
				51808C5E259AF7FB00D4B015 /* GroupsViewController.swift in Sources */,
				510C0FD125A4430500F13866 /* Friend+CoreDataClass.swift in Sources */,
				51C1D4B425998321009D673F /* CGFloat+Extensions.swift in Sources */,
				51AF3AB125986C71000FC848 /* Omakase.xcdatamodeld in Sources */,
				51808C3E259AF4EC00D4B015 /* OTPViewController.swift in Sources */,
				51AF3AA725986C70000FC848 /* AppDelegate.swift in Sources */,
				510C0FC325A4262D00F13866 /* UICollectionViewFlowLayout+StretchyHeader.swift in Sources */,
				510C0FC025A422A100F13866 /* GroupsReusableHeaderView.swift in Sources */,
				51C1D4D625998884009D673F /* UIColor+Extensions.swift in Sources */,
				51C1D4C425998607009D673F /* LoginViewController.swift in Sources */,
				51D2509B2599A4C200DFF18B /* RectangleButton.swift in Sources */,
				510C0FD225A4430500F13866 /* Friend+CoreDataProperties.swift in Sources */,
				510C0FAE25A4102400F13866 /* GroupCollectionViewCell.swift in Sources */,
				51C1D4BB2599851F009D673F /* Int+Extensions.swift in Sources */,
				51C1D4B8259983A7009D673F /* Constants.swift in Sources */,
				510C0FD325A4430500F13866 /* Group+CoreDataClass.swift in Sources */,
				51C1D4E025998C2E009D673F /* UIFont+Extensions.swift in Sources */,
				510C0FD425A4430500F13866 /* Group+CoreDataProperties.swift in Sources */,
				51AF3AA925986C70000FC848 /* SceneDelegate.swift in Sources */,
				51D2509125999A1B00DFF18B /* LoginTextField.swift in Sources */,
			);
			runOnlyForDeploymentPostprocessing = 0;
		};
/* End PBXSourcesBuildPhase section */

/* Begin PBXVariantGroup section */
		51AF3AB425986C74000FC848 /* LaunchScreen.storyboard */ = {
			isa = PBXVariantGroup;
			children = (
				51AF3AB525986C74000FC848 /* Base */,
			);
			name = LaunchScreen.storyboard;
			sourceTree = "<group>";
		};
/* End PBXVariantGroup section */

/* Begin XCBuildConfiguration section */
		51AF3AB825986C74000FC848 /* Debug */ = {
			isa = XCBuildConfiguration;
			buildSettings = {
				ALWAYS_SEARCH_USER_PATHS = NO;
				CLANG_ANALYZER_NONNULL = YES;
				CLANG_ANALYZER_NUMBER_OBJECT_CONVERSION = YES_AGGRESSIVE;
				CLANG_CXX_LANGUAGE_STANDARD = "gnu++14";
				CLANG_CXX_LIBRARY = "libc++";
				CLANG_ENABLE_MODULES = YES;
				CLANG_ENABLE_OBJC_ARC = YES;
				CLANG_ENABLE_OBJC_WEAK = YES;
				CLANG_WARN_BLOCK_CAPTURE_AUTORELEASING = YES;
				CLANG_WARN_BOOL_CONVERSION = YES;
				CLANG_WARN_COMMA = YES;
				CLANG_WARN_CONSTANT_CONVERSION = YES;
				CLANG_WARN_DEPRECATED_OBJC_IMPLEMENTATIONS = YES;
				CLANG_WARN_DIRECT_OBJC_ISA_USAGE = YES_ERROR;
				CLANG_WARN_DOCUMENTATION_COMMENTS = YES;
				CLANG_WARN_EMPTY_BODY = YES;
				CLANG_WARN_ENUM_CONVERSION = YES;
				CLANG_WARN_INFINITE_RECURSION = YES;
				CLANG_WARN_INT_CONVERSION = YES;
				CLANG_WARN_NON_LITERAL_NULL_CONVERSION = YES;
				CLANG_WARN_OBJC_IMPLICIT_RETAIN_SELF = YES;
				CLANG_WARN_OBJC_LITERAL_CONVERSION = YES;
				CLANG_WARN_OBJC_ROOT_CLASS = YES_ERROR;
				CLANG_WARN_QUOTED_INCLUDE_IN_FRAMEWORK_HEADER = YES;
				CLANG_WARN_RANGE_LOOP_ANALYSIS = YES;
				CLANG_WARN_STRICT_PROTOTYPES = YES;
				CLANG_WARN_SUSPICIOUS_MOVE = YES;
				CLANG_WARN_UNGUARDED_AVAILABILITY = YES_AGGRESSIVE;
				CLANG_WARN_UNREACHABLE_CODE = YES;
				CLANG_WARN__DUPLICATE_METHOD_MATCH = YES;
				COPY_PHASE_STRIP = NO;
				DEBUG_INFORMATION_FORMAT = dwarf;
				ENABLE_STRICT_OBJC_MSGSEND = YES;
				ENABLE_TESTABILITY = YES;
				GCC_C_LANGUAGE_STANDARD = gnu11;
				GCC_DYNAMIC_NO_PIC = NO;
				GCC_NO_COMMON_BLOCKS = YES;
				GCC_OPTIMIZATION_LEVEL = 0;
				GCC_PREPROCESSOR_DEFINITIONS = (
					"DEBUG=1",
					"$(inherited)",
				);
				GCC_WARN_64_TO_32_BIT_CONVERSION = YES;
				GCC_WARN_ABOUT_RETURN_TYPE = YES_ERROR;
				GCC_WARN_UNDECLARED_SELECTOR = YES;
				GCC_WARN_UNINITIALIZED_AUTOS = YES_AGGRESSIVE;
				GCC_WARN_UNUSED_FUNCTION = YES;
				GCC_WARN_UNUSED_VARIABLE = YES;
				IPHONEOS_DEPLOYMENT_TARGET = 14.3;
				MTL_ENABLE_DEBUG_INFO = INCLUDE_SOURCE;
				MTL_FAST_MATH = YES;
				ONLY_ACTIVE_ARCH = YES;
				SDKROOT = iphoneos;
				SWIFT_ACTIVE_COMPILATION_CONDITIONS = DEBUG;
				SWIFT_OPTIMIZATION_LEVEL = "-Onone";
			};
			name = Debug;
		};
		51AF3AB925986C74000FC848 /* Release */ = {
			isa = XCBuildConfiguration;
			buildSettings = {
				ALWAYS_SEARCH_USER_PATHS = NO;
				CLANG_ANALYZER_NONNULL = YES;
				CLANG_ANALYZER_NUMBER_OBJECT_CONVERSION = YES_AGGRESSIVE;
				CLANG_CXX_LANGUAGE_STANDARD = "gnu++14";
				CLANG_CXX_LIBRARY = "libc++";
				CLANG_ENABLE_MODULES = YES;
				CLANG_ENABLE_OBJC_ARC = YES;
				CLANG_ENABLE_OBJC_WEAK = YES;
				CLANG_WARN_BLOCK_CAPTURE_AUTORELEASING = YES;
				CLANG_WARN_BOOL_CONVERSION = YES;
				CLANG_WARN_COMMA = YES;
				CLANG_WARN_CONSTANT_CONVERSION = YES;
				CLANG_WARN_DEPRECATED_OBJC_IMPLEMENTATIONS = YES;
				CLANG_WARN_DIRECT_OBJC_ISA_USAGE = YES_ERROR;
				CLANG_WARN_DOCUMENTATION_COMMENTS = YES;
				CLANG_WARN_EMPTY_BODY = YES;
				CLANG_WARN_ENUM_CONVERSION = YES;
				CLANG_WARN_INFINITE_RECURSION = YES;
				CLANG_WARN_INT_CONVERSION = YES;
				CLANG_WARN_NON_LITERAL_NULL_CONVERSION = YES;
				CLANG_WARN_OBJC_IMPLICIT_RETAIN_SELF = YES;
				CLANG_WARN_OBJC_LITERAL_CONVERSION = YES;
				CLANG_WARN_OBJC_ROOT_CLASS = YES_ERROR;
				CLANG_WARN_QUOTED_INCLUDE_IN_FRAMEWORK_HEADER = YES;
				CLANG_WARN_RANGE_LOOP_ANALYSIS = YES;
				CLANG_WARN_STRICT_PROTOTYPES = YES;
				CLANG_WARN_SUSPICIOUS_MOVE = YES;
				CLANG_WARN_UNGUARDED_AVAILABILITY = YES_AGGRESSIVE;
				CLANG_WARN_UNREACHABLE_CODE = YES;
				CLANG_WARN__DUPLICATE_METHOD_MATCH = YES;
				COPY_PHASE_STRIP = NO;
				DEBUG_INFORMATION_FORMAT = "dwarf-with-dsym";
				ENABLE_NS_ASSERTIONS = NO;
				ENABLE_STRICT_OBJC_MSGSEND = YES;
				GCC_C_LANGUAGE_STANDARD = gnu11;
				GCC_NO_COMMON_BLOCKS = YES;
				GCC_WARN_64_TO_32_BIT_CONVERSION = YES;
				GCC_WARN_ABOUT_RETURN_TYPE = YES_ERROR;
				GCC_WARN_UNDECLARED_SELECTOR = YES;
				GCC_WARN_UNINITIALIZED_AUTOS = YES_AGGRESSIVE;
				GCC_WARN_UNUSED_FUNCTION = YES;
				GCC_WARN_UNUSED_VARIABLE = YES;
				IPHONEOS_DEPLOYMENT_TARGET = 14.3;
				MTL_ENABLE_DEBUG_INFO = NO;
				MTL_FAST_MATH = YES;
				SDKROOT = iphoneos;
				SWIFT_COMPILATION_MODE = wholemodule;
				SWIFT_OPTIMIZATION_LEVEL = "-O";
				VALIDATE_PRODUCT = YES;
			};
			name = Release;
		};
		51AF3ABB25986C74000FC848 /* Debug */ = {
			isa = XCBuildConfiguration;
			baseConfigurationReference = 1B6FF0D626752F4CC6961E0D /* Pods-Omakase.debug.xcconfig */;
			buildSettings = {
				ASSETCATALOG_COMPILER_APPICON_NAME = AppIcon;
				ASSETCATALOG_COMPILER_GLOBAL_ACCENT_COLOR_NAME = AccentColor;
				CODE_SIGN_STYLE = Automatic;
				DEVELOPMENT_TEAM = U723H4F8DG;
				INFOPLIST_FILE = Omakase/Info.plist;
				LD_RUNPATH_SEARCH_PATHS = (
					"$(inherited)",
					"@executable_path/Frameworks",
				);
				PRODUCT_BUNDLE_IDENTIFIER = com.GPO.Omakase;
				PRODUCT_NAME = "$(TARGET_NAME)";
				SWIFT_VERSION = 5.0;
				TARGETED_DEVICE_FAMILY = 1;
			};
			name = Debug;
		};
		51AF3ABC25986C74000FC848 /* Release */ = {
			isa = XCBuildConfiguration;
			baseConfigurationReference = EFAD970204709104EE61F2E2 /* Pods-Omakase.release.xcconfig */;
			buildSettings = {
				ASSETCATALOG_COMPILER_APPICON_NAME = AppIcon;
				ASSETCATALOG_COMPILER_GLOBAL_ACCENT_COLOR_NAME = AccentColor;
				CODE_SIGN_STYLE = Automatic;
				DEVELOPMENT_TEAM = U723H4F8DG;
				INFOPLIST_FILE = Omakase/Info.plist;
				LD_RUNPATH_SEARCH_PATHS = (
					"$(inherited)",
					"@executable_path/Frameworks",
				);
				PRODUCT_BUNDLE_IDENTIFIER = com.GPO.Omakase;
				PRODUCT_NAME = "$(TARGET_NAME)";
				SWIFT_VERSION = 5.0;
				TARGETED_DEVICE_FAMILY = 1;
			};
			name = Release;
		};
/* End XCBuildConfiguration section */

/* Begin XCConfigurationList section */
		51AF3A9E25986C70000FC848 /* Build configuration list for PBXProject "Omakase" */ = {
			isa = XCConfigurationList;
			buildConfigurations = (
				51AF3AB825986C74000FC848 /* Debug */,
				51AF3AB925986C74000FC848 /* Release */,
			);
			defaultConfigurationIsVisible = 0;
			defaultConfigurationName = Release;
		};
		51AF3ABA25986C74000FC848 /* Build configuration list for PBXNativeTarget "Omakase" */ = {
			isa = XCConfigurationList;
			buildConfigurations = (
				51AF3ABB25986C74000FC848 /* Debug */,
				51AF3ABC25986C74000FC848 /* Release */,
			);
			defaultConfigurationIsVisible = 0;
			defaultConfigurationName = Release;
		};
/* End XCConfigurationList section */

/* Begin XCVersionGroup section */
		51AF3AAF25986C71000FC848 /* Omakase.xcdatamodeld */ = {
			isa = XCVersionGroup;
			children = (
				51AF3AB025986C71000FC848 /* Omakase.xcdatamodel */,
			);
			currentVersion = 51AF3AB025986C71000FC848 /* Omakase.xcdatamodel */;
			path = Omakase.xcdatamodeld;
			sourceTree = "<group>";
			versionGroupType = wrapper.xcdatamodel;
		};
/* End XCVersionGroup section */
	};
	rootObject = 51AF3A9B25986C70000FC848 /* Project object */;
}
